
Microsoft Visual Studio Solution File, Format Version 12.00
# Visual Studio Version 17
VisualStudioVersion = 17.1.32210.238
MinimumVisualStudioVersion = 10.0.40219.1
Project("{FAE04EC0-301F-11D3-BF4B-00C04F79EFBC}") = "EmployeeWageComutation", "EmployeeWageComutation\EmployeeWageComutation.csproj", "{8CBCE504-158D-4298-A170-43D2A89A22ED}"
EndProject
Global
	GlobalSection(SolutionConfigurationPlatforms) = preSolution
		Debug|Any CPU = Debug|Any CPU
		Release|Any CPU = Release|Any CPU
	EndGlobalSection
	GlobalSection(ProjectConfigurationPlatforms) = postSolution
		{8CBCE504-158D-4298-A170-43D2A89A22ED}.Debug|Any CPU.ActiveCfg = Debug|Any CPU
		{8CBCE504-158D-4298-A170-43D2A89A22ED}.Debug|Any CPU.Build.0 = Debug|Any CPU
		{8CBCE504-158D-4298-A170-43D2A89A22ED}.Release|Any CPU.ActiveCfg = Release|Any CPU
		{8CBCE504-158D-4298-A170-43D2A89A22ED}.Release|Any CPU.Build.0 = Release|Any CPU
	EndGlobalSection
	GlobalSection(SolutionProperties) = preSolution
		HideSolutionNode = FALSE
	EndGlobalSection
	GlobalSection(ExtensibilityGlobals) = postSolution
		SolutionGuid = {5E3A7707-4916-4374-B6B6-883C0C067D2E}
	EndGlobalSection
EndGlobal
